
Microsoft Visual Studio Solution File, Format Version 12.00
# Visual Studio Version 17
VisualStudioVersion = 17.2.32526.322
MinimumVisualStudioVersion = 10.0.40219.1
Project("{FAE04EC0-301F-11D3-BF4B-00C04F79EFBC}") = "StructuralCircle", "StructuralCircle\StructuralCircle.csproj", "{C29B5657-2D7B-444D-8E0D-580E1B7E61CF}"
EndProject
Global
	GlobalSection(SolutionConfigurationPlatforms) = preSolution
		Debug|Any CPU = Debug|Any CPU
		Release|Any CPU = Release|Any CPU
	EndGlobalSection
	GlobalSection(ProjectConfigurationPlatforms) = postSolution
		{C29B5657-2D7B-444D-8E0D-580E1B7E61CF}.Debug|Any CPU.ActiveCfg = Debug|Any CPU
		{C29B5657-2D7B-444D-8E0D-580E1B7E61CF}.Debug|Any CPU.Build.0 = Debug|Any CPU
		{C29B5657-2D7B-444D-8E0D-580E1B7E61CF}.Release|Any CPU.ActiveCfg = Release|Any CPU
		{C29B5657-2D7B-444D-8E0D-580E1B7E61CF}.Release|Any CPU.Build.0 = Release|Any CPU
	EndGlobalSection
	GlobalSection(SolutionProperties) = preSolution
		HideSolutionNode = FALSE
	EndGlobalSection
	GlobalSection(ExtensibilityGlobals) = postSolution
		SolutionGuid = {F2FABA95-215F-4936-B06C-F2AF39B3C4AA}
	EndGlobalSection
EndGlobal
